
Microsoft Visual Studio Solution File, Format Version 12.00
# Visual Studio 15
VisualStudioVersion = 15.0.26730.12
MinimumVisualStudioVersion = 10.0.40219.1
Project("{F184B08F-C81C-45F6-A57F-5ABD9991F28F}") = "JohnOS10", "JohnOS10\JohnOS10.vbproj", "{871B431B-E55C-4EF6-BF0B-23981223A31D}"
EndProject
Global
	GlobalSection(SolutionConfigurationPlatforms) = preSolution
		Debug|Any CPU = Debug|Any CPU
		Debug|x86 = Debug|x86
		Release|Any CPU = Release|Any CPU
		Release|x86 = Release|x86
	EndGlobalSection
	GlobalSection(ProjectConfigurationPlatforms) = postSolution
		{871B431B-E55C-4EF6-BF0B-23981223A31D}.Debug|Any CPU.ActiveCfg = Release|Any CPU
		{871B431B-E55C-4EF6-BF0B-23981223A31D}.Debug|Any CPU.Build.0 = Release|Any CPU
		{871B431B-E55C-4EF6-BF0B-23981223A31D}.Debug|x86.ActiveCfg = Debug|x86
		{871B431B-E55C-4EF6-BF0B-23981223A31D}.Debug|x86.Build.0 = Debug|x86
		{871B431B-E55C-4EF6-BF0B-23981223A31D}.Release|Any CPU.ActiveCfg = Release|Any CPU
		{871B431B-E55C-4EF6-BF0B-23981223A31D}.Release|Any CPU.Build.0 = Release|Any CPU
		{871B431B-E55C-4EF6-BF0B-23981223A31D}.Release|x86.ActiveCfg = Release|x86
		{871B431B-E55C-4EF6-BF0B-23981223A31D}.Release|x86.Build.0 = Release|x86
	EndGlobalSection
	GlobalSection(SolutionProperties) = preSolution
		HideSolutionNode = FALSE
	EndGlobalSection
	GlobalSection(ExtensibilityGlobals) = postSolution
		SolutionGuid = {27D1E590-1017-49DD-A9FC-6C33CB62B555}
	EndGlobalSection
EndGlobal
